
Microsoft Visual Studio Solution File, Format Version 12.00
# Visual Studio 2012
Project("{FAE04EC0-301F-11D3-BF4B-00C04F79EFBC}") = "EntityFrameworkDemo.Model", "ClassLibrary1\EntityFrameworkDemo.Model.csproj", "{0261B16A-D164-4152-8103-73D64B22ABD3}"
EndProject
Project("{FAE04EC0-301F-11D3-BF4B-00C04F79EFBC}") = "EntityFrameworkDemo.Client", "EntityFramewrokDemo.Client\EntityFrameworkDemo.Client.csproj", "{07FF0C42-D236-4614-BA80-945B84E077C3}"
EndProject
Global
	GlobalSection(SolutionConfigurationPlatforms) = preSolution
		Debug|Any CPU = Debug|Any CPU
		Release|Any CPU = Release|Any CPU
	EndGlobalSection
	GlobalSection(ProjectConfigurationPlatforms) = postSolution
		{0261B16A-D164-4152-8103-73D64B22ABD3}.Debug|Any CPU.ActiveCfg = Debug|Any CPU
		{0261B16A-D164-4152-8103-73D64B22ABD3}.Debug|Any CPU.Build.0 = Debug|Any CPU
		{0261B16A-D164-4152-8103-73D64B22ABD3}.Release|Any CPU.ActiveCfg = Release|Any CPU
		{0261B16A-D164-4152-8103-73D64B22ABD3}.Release|Any CPU.Build.0 = Release|Any CPU
		{07FF0C42-D236-4614-BA80-945B84E077C3}.Debug|Any CPU.ActiveCfg = Debug|Any CPU
		{07FF0C42-D236-4614-BA80-945B84E077C3}.Debug|Any CPU.Build.0 = Debug|Any CPU
		{07FF0C42-D236-4614-BA80-945B84E077C3}.Release|Any CPU.ActiveCfg = Release|Any CPU
		{07FF0C42-D236-4614-BA80-945B84E077C3}.Release|Any CPU.Build.0 = Release|Any CPU
	EndGlobalSection
	GlobalSection(SolutionProperties) = preSolution
		HideSolutionNode = FALSE
	EndGlobalSection
EndGlobal
