
Microsoft Visual Studio Solution File, Format Version 12.00
# Visual Studio 2012
Project("{FAE04EC0-301F-11D3-BF4B-00C04F79EFBC}") = "Bookmarks-Importer", "Bookmarks-Importer\Bookmarks-Importer.csproj", "{9C720DAF-164A-4245-BBE3-F098D5C7DA99}"
EndProject
Project("{FAE04EC0-301F-11D3-BF4B-00C04F79EFBC}") = "Bookmarks.Model", "Bookmarks.Model\Bookmarks.Model.csproj", "{5A64938F-36ED-44F1-9CD3-FF4022EB570C}"
EndProject
Global
	GlobalSection(SolutionConfigurationPlatforms) = preSolution
		Debug|Any CPU = Debug|Any CPU
		Release|Any CPU = Release|Any CPU
	EndGlobalSection
	GlobalSection(ProjectConfigurationPlatforms) = postSolution
		{9C720DAF-164A-4245-BBE3-F098D5C7DA99}.Debug|Any CPU.ActiveCfg = Debug|Any CPU
		{9C720DAF-164A-4245-BBE3-F098D5C7DA99}.Debug|Any CPU.Build.0 = Debug|Any CPU
		{9C720DAF-164A-4245-BBE3-F098D5C7DA99}.Release|Any CPU.ActiveCfg = Release|Any CPU
		{9C720DAF-164A-4245-BBE3-F098D5C7DA99}.Release|Any CPU.Build.0 = Release|Any CPU
		{5A64938F-36ED-44F1-9CD3-FF4022EB570C}.Debug|Any CPU.ActiveCfg = Debug|Any CPU
		{5A64938F-36ED-44F1-9CD3-FF4022EB570C}.Debug|Any CPU.Build.0 = Debug|Any CPU
		{5A64938F-36ED-44F1-9CD3-FF4022EB570C}.Release|Any CPU.ActiveCfg = Release|Any CPU
		{5A64938F-36ED-44F1-9CD3-FF4022EB570C}.Release|Any CPU.Build.0 = Release|Any CPU
	EndGlobalSection
	GlobalSection(SolutionProperties) = preSolution
		HideSolutionNode = FALSE
	EndGlobalSection
EndGlobal
