
Microsoft Visual Studio Solution File, Format Version 12.00
# Visual Studio 2012
Project("{FAE04EC0-301F-11D3-BF4B-00C04F79EFBC}") = "carpet2", "carpet2\carpet2.csproj", "{32A5FB4C-5DD5-4DB6-8BD3-4525C32B4F4A}"
EndProject
Global
	GlobalSection(SolutionConfigurationPlatforms) = preSolution
		Debug|Any CPU = Debug|Any CPU
		Release|Any CPU = Release|Any CPU
	EndGlobalSection
	GlobalSection(ProjectConfigurationPlatforms) = postSolution
		{32A5FB4C-5DD5-4DB6-8BD3-4525C32B4F4A}.Debug|Any CPU.ActiveCfg = Debug|Any CPU
		{32A5FB4C-5DD5-4DB6-8BD3-4525C32B4F4A}.Debug|Any CPU.Build.0 = Debug|Any CPU
		{32A5FB4C-5DD5-4DB6-8BD3-4525C32B4F4A}.Release|Any CPU.ActiveCfg = Release|Any CPU
		{32A5FB4C-5DD5-4DB6-8BD3-4525C32B4F4A}.Release|Any CPU.Build.0 = Release|Any CPU
	EndGlobalSection
	GlobalSection(SolutionProperties) = preSolution
		HideSolutionNode = FALSE
	EndGlobalSection
EndGlobal
