
Microsoft Visual Studio Solution File, Format Version 12.00
# Visual Studio 2012
Project("{FAE04EC0-301F-11D3-BF4B-00C04F79EFBC}") = "ConsoleApplicationEntityTest", "ConsoleApplicationEntityTest\ConsoleApplicationEntityTest.csproj", "{F9CC0186-362E-4AC6-AA36-364DC51CF48F}"
EndProject
Project("{FAE04EC0-301F-11D3-BF4B-00C04F79EFBC}") = "WebServicesUnitTest.Model", "WebServicesUnitTest.Model\WebServicesUnitTest.Model.csproj", "{233D567D-FE2C-4421-B321-6BE086B2D3E4}"
EndProject
Project("{FAE04EC0-301F-11D3-BF4B-00C04F79EFBC}") = "WebServicesUnitTest.WebAPI", "WebServicesUnitTest.WebAPI\WebServicesUnitTest.WebAPI.csproj", "{845C62FC-FFEC-441B-9CA1-13FFB39589F5}"
EndProject
Project("{FAE04EC0-301F-11D3-BF4B-00C04F79EFBC}") = "WebServicesUnitTest.WebAPI.Tests", "WebServicesUnitTest.WebAPI.Tests\WebServicesUnitTest.WebAPI.Tests.csproj", "{C77C93C0-09F9-4306-9F3D-BA2EB828F365}"
EndProject
Project("{FAE04EC0-301F-11D3-BF4B-00C04F79EFBC}") = "WebServicesUnitTest.Repositories", "WebServicesUnitTest.Repositories\WebServicesUnitTest.Repositories.csproj", "{322A1B0C-C799-4DBE-BFD3-02D602090F85}"
EndProject
Project("{FAE04EC0-301F-11D3-BF4B-00C04F79EFBC}") = "WebServicesUnitTest.IntergrationTests", "WebServicesUnitTest.IntergrationTests\WebServicesUnitTest.IntergrationTests.csproj", "{6F747EEC-31C1-4EDE-AFEE-D41B892FD001}"
EndProject
Global
	GlobalSection(SolutionConfigurationPlatforms) = preSolution
		Debug|Any CPU = Debug|Any CPU
		Release|Any CPU = Release|Any CPU
	EndGlobalSection
	GlobalSection(ProjectConfigurationPlatforms) = postSolution
		{F9CC0186-362E-4AC6-AA36-364DC51CF48F}.Debug|Any CPU.ActiveCfg = Debug|Any CPU
		{F9CC0186-362E-4AC6-AA36-364DC51CF48F}.Debug|Any CPU.Build.0 = Debug|Any CPU
		{F9CC0186-362E-4AC6-AA36-364DC51CF48F}.Release|Any CPU.ActiveCfg = Release|Any CPU
		{F9CC0186-362E-4AC6-AA36-364DC51CF48F}.Release|Any CPU.Build.0 = Release|Any CPU
		{233D567D-FE2C-4421-B321-6BE086B2D3E4}.Debug|Any CPU.ActiveCfg = Debug|Any CPU
		{233D567D-FE2C-4421-B321-6BE086B2D3E4}.Debug|Any CPU.Build.0 = Debug|Any CPU
		{233D567D-FE2C-4421-B321-6BE086B2D3E4}.Release|Any CPU.ActiveCfg = Release|Any CPU
		{233D567D-FE2C-4421-B321-6BE086B2D3E4}.Release|Any CPU.Build.0 = Release|Any CPU
		{845C62FC-FFEC-441B-9CA1-13FFB39589F5}.Debug|Any CPU.ActiveCfg = Debug|Any CPU
		{845C62FC-FFEC-441B-9CA1-13FFB39589F5}.Debug|Any CPU.Build.0 = Debug|Any CPU
		{845C62FC-FFEC-441B-9CA1-13FFB39589F5}.Release|Any CPU.ActiveCfg = Release|Any CPU
		{845C62FC-FFEC-441B-9CA1-13FFB39589F5}.Release|Any CPU.Build.0 = Release|Any CPU
		{C77C93C0-09F9-4306-9F3D-BA2EB828F365}.Debug|Any CPU.ActiveCfg = Debug|Any CPU
		{C77C93C0-09F9-4306-9F3D-BA2EB828F365}.Debug|Any CPU.Build.0 = Debug|Any CPU
		{C77C93C0-09F9-4306-9F3D-BA2EB828F365}.Release|Any CPU.ActiveCfg = Release|Any CPU
		{C77C93C0-09F9-4306-9F3D-BA2EB828F365}.Release|Any CPU.Build.0 = Release|Any CPU
		{322A1B0C-C799-4DBE-BFD3-02D602090F85}.Debug|Any CPU.ActiveCfg = Debug|Any CPU
		{322A1B0C-C799-4DBE-BFD3-02D602090F85}.Debug|Any CPU.Build.0 = Debug|Any CPU
		{322A1B0C-C799-4DBE-BFD3-02D602090F85}.Release|Any CPU.ActiveCfg = Release|Any CPU
		{322A1B0C-C799-4DBE-BFD3-02D602090F85}.Release|Any CPU.Build.0 = Release|Any CPU
		{6F747EEC-31C1-4EDE-AFEE-D41B892FD001}.Debug|Any CPU.ActiveCfg = Debug|Any CPU
		{6F747EEC-31C1-4EDE-AFEE-D41B892FD001}.Debug|Any CPU.Build.0 = Debug|Any CPU
		{6F747EEC-31C1-4EDE-AFEE-D41B892FD001}.Release|Any CPU.ActiveCfg = Release|Any CPU
		{6F747EEC-31C1-4EDE-AFEE-D41B892FD001}.Release|Any CPU.Build.0 = Release|Any CPU
	EndGlobalSection
	GlobalSection(SolutionProperties) = preSolution
		HideSolutionNode = FALSE
	EndGlobalSection
	GlobalSection(ExtensibilityGlobals) = postSolution
		EnterpriseLibraryConfigurationToolBinariesPath = packages\Unity.2.1.505.2\lib\NET35
	EndGlobalSection
EndGlobal
