
Microsoft Visual Studio Solution File, Format Version 12.00
# Visual Studio 2012
Project("{FAE04EC0-301F-11D3-BF4B-00C04F79EFBC}") = "01. MessagesInABottle", "01. MessagesInABottle\01. MessagesInABottle.csproj", "{ADCB8CBF-DDDC-490F-9358-ED7F6C8646B2}"
EndProject
Project("{FAE04EC0-301F-11D3-BF4B-00C04F79EFBC}") = "02. Academy Tasks", "02. Academy Tasks\02. Academy Tasks.csproj", "{8389527B-FD22-432A-8457-19E7287297B8}"
EndProject
Project("{FAE04EC0-301F-11D3-BF4B-00C04F79EFBC}") = "04. RiskWinsRiskLoses", "04. RiskWinsRiskLoses\04. RiskWinsRiskLoses.csproj", "{D2DA2D89-E7A9-4925-B431-4022BC626E53}"
EndProject
Project("{FAE04EC0-301F-11D3-BF4B-00C04F79EFBC}") = "03. FriendsInNeed", "03. FriendsInNeed\03. FriendsInNeed.csproj", "{08CB1C23-A86A-4A84-85EB-6AF154A680A8}"
EndProject
Global
	GlobalSection(SolutionConfigurationPlatforms) = preSolution
		Debug|Any CPU = Debug|Any CPU
		Release|Any CPU = Release|Any CPU
	EndGlobalSection
	GlobalSection(ProjectConfigurationPlatforms) = postSolution
		{ADCB8CBF-DDDC-490F-9358-ED7F6C8646B2}.Debug|Any CPU.ActiveCfg = Debug|Any CPU
		{ADCB8CBF-DDDC-490F-9358-ED7F6C8646B2}.Debug|Any CPU.Build.0 = Debug|Any CPU
		{ADCB8CBF-DDDC-490F-9358-ED7F6C8646B2}.Release|Any CPU.ActiveCfg = Release|Any CPU
		{ADCB8CBF-DDDC-490F-9358-ED7F6C8646B2}.Release|Any CPU.Build.0 = Release|Any CPU
		{8389527B-FD22-432A-8457-19E7287297B8}.Debug|Any CPU.ActiveCfg = Debug|Any CPU
		{8389527B-FD22-432A-8457-19E7287297B8}.Debug|Any CPU.Build.0 = Debug|Any CPU
		{8389527B-FD22-432A-8457-19E7287297B8}.Release|Any CPU.ActiveCfg = Release|Any CPU
		{8389527B-FD22-432A-8457-19E7287297B8}.Release|Any CPU.Build.0 = Release|Any CPU
		{D2DA2D89-E7A9-4925-B431-4022BC626E53}.Debug|Any CPU.ActiveCfg = Debug|Any CPU
		{D2DA2D89-E7A9-4925-B431-4022BC626E53}.Debug|Any CPU.Build.0 = Debug|Any CPU
		{D2DA2D89-E7A9-4925-B431-4022BC626E53}.Release|Any CPU.ActiveCfg = Release|Any CPU
		{D2DA2D89-E7A9-4925-B431-4022BC626E53}.Release|Any CPU.Build.0 = Release|Any CPU
		{08CB1C23-A86A-4A84-85EB-6AF154A680A8}.Debug|Any CPU.ActiveCfg = Debug|Any CPU
		{08CB1C23-A86A-4A84-85EB-6AF154A680A8}.Debug|Any CPU.Build.0 = Debug|Any CPU
		{08CB1C23-A86A-4A84-85EB-6AF154A680A8}.Release|Any CPU.ActiveCfg = Release|Any CPU
		{08CB1C23-A86A-4A84-85EB-6AF154A680A8}.Release|Any CPU.Build.0 = Release|Any CPU
	EndGlobalSection
	GlobalSection(SolutionProperties) = preSolution
		HideSolutionNode = FALSE
	EndGlobalSection
EndGlobal
