
Microsoft Visual Studio Solution File, Format Version 12.00
# Visual Studio 2012
Project("{FAE04EC0-301F-11D3-BF4B-00C04F79EFBC}") = "01.AbstractClassShape", "01.AbstractClassShape\01.AbstractClassShape.csproj", "{AB758912-58B9-4653-AF08-E614950F67F2}"
EndProject
Project("{FAE04EC0-301F-11D3-BF4B-00C04F79EFBC}") = "02.BankAccounts", "02.BankAccounts\02.BankAccounts.csproj", "{34626E6F-202C-49AE-BB23-7F133C0DCD53}"
EndProject
Project("{FAE04EC0-301F-11D3-BF4B-00C04F79EFBC}") = "03.RangeException", "03.RangeException\03.RangeException.csproj", "{DEC147E2-CBC6-4E62-99B4-6E67FD24A141}"
EndProject
Global
	GlobalSection(SolutionConfigurationPlatforms) = preSolution
		Debug|Any CPU = Debug|Any CPU
		Release|Any CPU = Release|Any CPU
	EndGlobalSection
	GlobalSection(ProjectConfigurationPlatforms) = postSolution
		{AB758912-58B9-4653-AF08-E614950F67F2}.Debug|Any CPU.ActiveCfg = Debug|Any CPU
		{AB758912-58B9-4653-AF08-E614950F67F2}.Debug|Any CPU.Build.0 = Debug|Any CPU
		{AB758912-58B9-4653-AF08-E614950F67F2}.Release|Any CPU.ActiveCfg = Release|Any CPU
		{AB758912-58B9-4653-AF08-E614950F67F2}.Release|Any CPU.Build.0 = Release|Any CPU
		{34626E6F-202C-49AE-BB23-7F133C0DCD53}.Debug|Any CPU.ActiveCfg = Debug|Any CPU
		{34626E6F-202C-49AE-BB23-7F133C0DCD53}.Debug|Any CPU.Build.0 = Debug|Any CPU
		{34626E6F-202C-49AE-BB23-7F133C0DCD53}.Release|Any CPU.ActiveCfg = Release|Any CPU
		{34626E6F-202C-49AE-BB23-7F133C0DCD53}.Release|Any CPU.Build.0 = Release|Any CPU
		{DEC147E2-CBC6-4E62-99B4-6E67FD24A141}.Debug|Any CPU.ActiveCfg = Debug|Any CPU
		{DEC147E2-CBC6-4E62-99B4-6E67FD24A141}.Debug|Any CPU.Build.0 = Debug|Any CPU
		{DEC147E2-CBC6-4E62-99B4-6E67FD24A141}.Release|Any CPU.ActiveCfg = Release|Any CPU
		{DEC147E2-CBC6-4E62-99B4-6E67FD24A141}.Release|Any CPU.Build.0 = Release|Any CPU
	EndGlobalSection
	GlobalSection(SolutionProperties) = preSolution
		HideSolutionNode = FALSE
	EndGlobalSection
EndGlobal
