Microsoft Visual Studio Solution File, Format Version 12.00
# Visual Studio 2012
Project("{FAE04EC0-301F-11D3-BF4B-00C04F79EFBC}") = "1-coin-set", "1-coin-set\1-coin-set.csproj", "{7058AB85-A753-4BBA-AE66-EF5428D38F50}"
EndProject
Project("{FAE04EC0-301F-11D3-BF4B-00C04F79EFBC}") = "2-point-inside-triangle", "2-point-inside-triangle\2-point-inside-triangle.csproj", "{193BA07B-C79C-4376-8B78-B2FCB87E54F5}"
EndProject
Global
	GlobalSection(SolutionConfigurationPlatforms) = preSolution
		Debug|Any CPU = Debug|Any CPU
		Release|Any CPU = Release|Any CPU
	EndGlobalSection
	GlobalSection(ProjectConfigurationPlatforms) = postSolution
		{7058AB85-A753-4BBA-AE66-EF5428D38F50}.Debug|Any CPU.ActiveCfg = Debug|Any CPU
		{7058AB85-A753-4BBA-AE66-EF5428D38F50}.Debug|Any CPU.Build.0 = Debug|Any CPU
		{7058AB85-A753-4BBA-AE66-EF5428D38F50}.Release|Any CPU.ActiveCfg = Release|Any CPU
		{7058AB85-A753-4BBA-AE66-EF5428D38F50}.Release|Any CPU.Build.0 = Release|Any CPU
		{193BA07B-C79C-4376-8B78-B2FCB87E54F5}.Debug|Any CPU.ActiveCfg = Debug|Any CPU
		{193BA07B-C79C-4376-8B78-B2FCB87E54F5}.Debug|Any CPU.Build.0 = Debug|Any CPU
		{193BA07B-C79C-4376-8B78-B2FCB87E54F5}.Release|Any CPU.ActiveCfg = Release|Any CPU
		{193BA07B-C79C-4376-8B78-B2FCB87E54F5}.Release|Any CPU.Build.0 = Release|Any CPU
	EndGlobalSection
	GlobalSection(SolutionProperties) = preSolution
		HideSolutionNode = FALSE
	EndGlobalSection
EndGlobal
