
Microsoft Visual Studio Solution File, Format Version 12.00
# Visual Studio 2012
Project("{FAE04EC0-301F-11D3-BF4B-00C04F79EFBC}") = "III - 01 - Дефинране на класове", "III - 01 - Дефинране на класове\III - 01 - Дефинране на класове.csproj", "{EC03D1DB-25EE-464A-9961-91E3E21AAFA9}"
EndProject
Global
	GlobalSection(SolutionConfigurationPlatforms) = preSolution
		Debug|Any CPU = Debug|Any CPU
		Release|Any CPU = Release|Any CPU
	EndGlobalSection
	GlobalSection(ProjectConfigurationPlatforms) = postSolution
		{EC03D1DB-25EE-464A-9961-91E3E21AAFA9}.Debug|Any CPU.ActiveCfg = Debug|Any CPU
		{EC03D1DB-25EE-464A-9961-91E3E21AAFA9}.Debug|Any CPU.Build.0 = Debug|Any CPU
		{EC03D1DB-25EE-464A-9961-91E3E21AAFA9}.Release|Any CPU.ActiveCfg = Release|Any CPU
		{EC03D1DB-25EE-464A-9961-91E3E21AAFA9}.Release|Any CPU.Build.0 = Release|Any CPU
	EndGlobalSection
	GlobalSection(SolutionProperties) = preSolution
		HideSolutionNode = FALSE
	EndGlobalSection
EndGlobal
