
Microsoft Visual Studio Solution File, Format Version 12.00
# Visual Studio 2012
Project("{FAE04EC0-301F-11D3-BF4B-00C04F79EFBC}") = "SchoolCourses", "10.Unit Testing\SchoolCourses.csproj", "{22214DBB-DADA-442C-8633-EBE3AA064A55}"
EndProject
Project("{FAE04EC0-301F-11D3-BF4B-00C04F79EFBC}") = "SchoolCourses.Tests", "SchoolCourses.Tests\SchoolCourses.Tests.csproj", "{B6A05C34-BE86-4C19-8CEC-35B7F1A76C57}"
EndProject
Global
	GlobalSection(SolutionConfigurationPlatforms) = preSolution
		Debug|Any CPU = Debug|Any CPU
		Release|Any CPU = Release|Any CPU
	EndGlobalSection
	GlobalSection(ProjectConfigurationPlatforms) = postSolution
		{22214DBB-DADA-442C-8633-EBE3AA064A55}.Debug|Any CPU.ActiveCfg = Debug|Any CPU
		{22214DBB-DADA-442C-8633-EBE3AA064A55}.Debug|Any CPU.Build.0 = Debug|Any CPU
		{22214DBB-DADA-442C-8633-EBE3AA064A55}.Release|Any CPU.ActiveCfg = Release|Any CPU
		{22214DBB-DADA-442C-8633-EBE3AA064A55}.Release|Any CPU.Build.0 = Release|Any CPU
		{B6A05C34-BE86-4C19-8CEC-35B7F1A76C57}.Debug|Any CPU.ActiveCfg = Debug|Any CPU
		{B6A05C34-BE86-4C19-8CEC-35B7F1A76C57}.Debug|Any CPU.Build.0 = Debug|Any CPU
		{B6A05C34-BE86-4C19-8CEC-35B7F1A76C57}.Release|Any CPU.ActiveCfg = Release|Any CPU
		{B6A05C34-BE86-4C19-8CEC-35B7F1A76C57}.Release|Any CPU.Build.0 = Release|Any CPU
	EndGlobalSection
	GlobalSection(SolutionProperties) = preSolution
		HideSolutionNode = FALSE
	EndGlobalSection
EndGlobal
