
Microsoft Visual Studio Solution File, Format Version 12.00
# Visual Studio 2012
Project("{FAE04EC0-301F-11D3-BF4B-00C04F79EFBC}") = "02.RefactorCodeWellNamed.02", "02.RefactorCodeWellNamed2\02.RefactorCodeWellNamed.02.csproj", "{6D19DDC8-1CAE-4AA3-96A2-D3B4DD2E3792}"
EndProject
Project("{2150E333-8FDC-42A3-9474-1A3956D46DE8}") = "03.RefactoringJS", "03.RefactoringJS", "{361A8F37-EBA1-4B9F-8446-7D2648DEB286}"
	ProjectSection(SolutionItems) = preProject
		03.RefactorJS\RefactorJS.js = 03.RefactorJS\RefactorJS.js
	EndProjectSection
EndProject
Project("{FAE04EC0-301F-11D3-BF4B-00C04F79EFBC}") = "01.RefactorCodeWellNamed.01", "01.RefactorWellNamed\01.RefactorCodeWellNamed.01.csproj", "{70CE1F4C-0E80-487D-8937-B14599EDB7BA}"
EndProject
Project("{FAE04EC0-301F-11D3-BF4B-00C04F79EFBC}") = "04.MinesweeperGame", "04.MinesweeperGame\04.MinesweeperGame.csproj", "{B20E8DFD-5F12-4358-849D-1F25806E9052}"
EndProject
Global
	GlobalSection(SolutionConfigurationPlatforms) = preSolution
		Debug|Any CPU = Debug|Any CPU
		Release|Any CPU = Release|Any CPU
	EndGlobalSection
	GlobalSection(ProjectConfigurationPlatforms) = postSolution
		{6D19DDC8-1CAE-4AA3-96A2-D3B4DD2E3792}.Debug|Any CPU.ActiveCfg = Debug|Any CPU
		{6D19DDC8-1CAE-4AA3-96A2-D3B4DD2E3792}.Debug|Any CPU.Build.0 = Debug|Any CPU
		{6D19DDC8-1CAE-4AA3-96A2-D3B4DD2E3792}.Release|Any CPU.ActiveCfg = Release|Any CPU
		{6D19DDC8-1CAE-4AA3-96A2-D3B4DD2E3792}.Release|Any CPU.Build.0 = Release|Any CPU
		{70CE1F4C-0E80-487D-8937-B14599EDB7BA}.Debug|Any CPU.ActiveCfg = Debug|Any CPU
		{70CE1F4C-0E80-487D-8937-B14599EDB7BA}.Debug|Any CPU.Build.0 = Debug|Any CPU
		{70CE1F4C-0E80-487D-8937-B14599EDB7BA}.Release|Any CPU.ActiveCfg = Release|Any CPU
		{70CE1F4C-0E80-487D-8937-B14599EDB7BA}.Release|Any CPU.Build.0 = Release|Any CPU
		{B20E8DFD-5F12-4358-849D-1F25806E9052}.Debug|Any CPU.ActiveCfg = Debug|Any CPU
		{B20E8DFD-5F12-4358-849D-1F25806E9052}.Debug|Any CPU.Build.0 = Debug|Any CPU
		{B20E8DFD-5F12-4358-849D-1F25806E9052}.Release|Any CPU.ActiveCfg = Release|Any CPU
		{B20E8DFD-5F12-4358-849D-1F25806E9052}.Release|Any CPU.Build.0 = Release|Any CPU
	EndGlobalSection
	GlobalSection(SolutionProperties) = preSolution
		HideSolutionNode = FALSE
	EndGlobalSection
EndGlobal
