
Microsoft Visual Studio Solution File, Format Version 12.00
# Visual Studio 2012
Project("{FAE04EC0-301F-11D3-BF4B-00C04F79EFBC}") = "Task 1 – Cartesian Coordinate System", "test\Task 1 – Cartesian Coordinate System.csproj", "{82429F1B-E04F-4351-B932-579800C7C447}"
EndProject
Project("{FAE04EC0-301F-11D3-BF4B-00C04F79EFBC}") = "Task 2 – Miss Cat 2011", "Problem 2 – Miss Cat 2011\Task 2 – Miss Cat 2011.csproj", "{369ADEE6-5736-4ECC-A907-6699FA77884F}"
EndProject
Project("{FAE04EC0-301F-11D3-BF4B-00C04F79EFBC}") = "Task 3 – Forest Road", "Problem 3 – Forest Road\Task 3 – Forest Road.csproj", "{2CA41DB9-267C-43DB-A3CC-44F436CC0079}"
EndProject
Project("{FAE04EC0-301F-11D3-BF4B-00C04F79EFBC}") = "Task 4 - Binary Digits Count", "Task 4 - Binary Digits Count\Task 4 - Binary Digits Count.csproj", "{0A5DB027-379A-433D-BFC4-8A6FCE94FE98}"
EndProject
Project("{FAE04EC0-301F-11D3-BF4B-00C04F79EFBC}") = "Task 5 - Subset Sums", "Task 5 - Subset Sums\Task 5 - Subset Sums.csproj", "{7A1FD566-FE16-4A1C-A681-D30438B22C76}"
EndProject
Global
	GlobalSection(SolutionConfigurationPlatforms) = preSolution
		Debug|Any CPU = Debug|Any CPU
		Release|Any CPU = Release|Any CPU
	EndGlobalSection
	GlobalSection(ProjectConfigurationPlatforms) = postSolution
		{82429F1B-E04F-4351-B932-579800C7C447}.Debug|Any CPU.ActiveCfg = Debug|Any CPU
		{82429F1B-E04F-4351-B932-579800C7C447}.Debug|Any CPU.Build.0 = Debug|Any CPU
		{82429F1B-E04F-4351-B932-579800C7C447}.Release|Any CPU.ActiveCfg = Release|Any CPU
		{82429F1B-E04F-4351-B932-579800C7C447}.Release|Any CPU.Build.0 = Release|Any CPU
		{369ADEE6-5736-4ECC-A907-6699FA77884F}.Debug|Any CPU.ActiveCfg = Debug|Any CPU
		{369ADEE6-5736-4ECC-A907-6699FA77884F}.Debug|Any CPU.Build.0 = Debug|Any CPU
		{369ADEE6-5736-4ECC-A907-6699FA77884F}.Release|Any CPU.ActiveCfg = Release|Any CPU
		{369ADEE6-5736-4ECC-A907-6699FA77884F}.Release|Any CPU.Build.0 = Release|Any CPU
		{2CA41DB9-267C-43DB-A3CC-44F436CC0079}.Debug|Any CPU.ActiveCfg = Debug|Any CPU
		{2CA41DB9-267C-43DB-A3CC-44F436CC0079}.Debug|Any CPU.Build.0 = Debug|Any CPU
		{2CA41DB9-267C-43DB-A3CC-44F436CC0079}.Release|Any CPU.ActiveCfg = Release|Any CPU
		{2CA41DB9-267C-43DB-A3CC-44F436CC0079}.Release|Any CPU.Build.0 = Release|Any CPU
		{0A5DB027-379A-433D-BFC4-8A6FCE94FE98}.Debug|Any CPU.ActiveCfg = Debug|Any CPU
		{0A5DB027-379A-433D-BFC4-8A6FCE94FE98}.Debug|Any CPU.Build.0 = Debug|Any CPU
		{0A5DB027-379A-433D-BFC4-8A6FCE94FE98}.Release|Any CPU.ActiveCfg = Release|Any CPU
		{0A5DB027-379A-433D-BFC4-8A6FCE94FE98}.Release|Any CPU.Build.0 = Release|Any CPU
		{7A1FD566-FE16-4A1C-A681-D30438B22C76}.Debug|Any CPU.ActiveCfg = Debug|Any CPU
		{7A1FD566-FE16-4A1C-A681-D30438B22C76}.Debug|Any CPU.Build.0 = Debug|Any CPU
		{7A1FD566-FE16-4A1C-A681-D30438B22C76}.Release|Any CPU.ActiveCfg = Release|Any CPU
		{7A1FD566-FE16-4A1C-A681-D30438B22C76}.Release|Any CPU.Build.0 = Release|Any CPU
	EndGlobalSection
	GlobalSection(SolutionProperties) = preSolution
		HideSolutionNode = FALSE
	EndGlobalSection
EndGlobal
