
Microsoft Visual Studio Solution File, Format Version 12.00
# Visual Studio 2012
Project("{FAE04EC0-301F-11D3-BF4B-00C04F79EFBC}") = "MusicStore.Data", "MusicStore.Data\MusicStore.Data.csproj", "{A779DD47-99C0-48BF-8FEA-F1C44D6A4E2A}"
EndProject
Project("{FAE04EC0-301F-11D3-BF4B-00C04F79EFBC}") = "MusicStore.WebAPI", "MusicStore.WebAPI\MusicStore.WebAPI.csproj", "{DE3B5EC6-4BB6-4B7D-85D5-547778BEC1EC}"
EndProject
Project("{FAE04EC0-301F-11D3-BF4B-00C04F79EFBC}") = "MusicStore.Client", "MusicStore.Client\MusicStore.Client.csproj", "{71195EFF-EBFA-4795-A40F-42FF6C0C9FD9}"
EndProject
Global
	GlobalSection(SolutionConfigurationPlatforms) = preSolution
		Debug|Any CPU = Debug|Any CPU
		Release|Any CPU = Release|Any CPU
	EndGlobalSection
	GlobalSection(ProjectConfigurationPlatforms) = postSolution
		{A779DD47-99C0-48BF-8FEA-F1C44D6A4E2A}.Debug|Any CPU.ActiveCfg = Debug|Any CPU
		{A779DD47-99C0-48BF-8FEA-F1C44D6A4E2A}.Debug|Any CPU.Build.0 = Debug|Any CPU
		{A779DD47-99C0-48BF-8FEA-F1C44D6A4E2A}.Release|Any CPU.ActiveCfg = Release|Any CPU
		{A779DD47-99C0-48BF-8FEA-F1C44D6A4E2A}.Release|Any CPU.Build.0 = Release|Any CPU
		{DE3B5EC6-4BB6-4B7D-85D5-547778BEC1EC}.Debug|Any CPU.ActiveCfg = Debug|Any CPU
		{DE3B5EC6-4BB6-4B7D-85D5-547778BEC1EC}.Debug|Any CPU.Build.0 = Debug|Any CPU
		{DE3B5EC6-4BB6-4B7D-85D5-547778BEC1EC}.Release|Any CPU.ActiveCfg = Release|Any CPU
		{DE3B5EC6-4BB6-4B7D-85D5-547778BEC1EC}.Release|Any CPU.Build.0 = Release|Any CPU
		{71195EFF-EBFA-4795-A40F-42FF6C0C9FD9}.Debug|Any CPU.ActiveCfg = Debug|Any CPU
		{71195EFF-EBFA-4795-A40F-42FF6C0C9FD9}.Debug|Any CPU.Build.0 = Debug|Any CPU
		{71195EFF-EBFA-4795-A40F-42FF6C0C9FD9}.Release|Any CPU.ActiveCfg = Release|Any CPU
		{71195EFF-EBFA-4795-A40F-42FF6C0C9FD9}.Release|Any CPU.Build.0 = Release|Any CPU
	EndGlobalSection
	GlobalSection(SolutionProperties) = preSolution
		HideSolutionNode = FALSE
	EndGlobalSection
EndGlobal
